
Microsoft Visual Studio Solution File, Format Version 12.00
# Visual Studio Version 16
VisualStudioVersion = 16.0.30320.27
MinimumVisualStudioVersion = 10.0.40219.1
Project("{8BC9CEB8-8B4A-11D0-8D11-00A0C91BC942}") = "jednakokrakiTrougao", "jednakokrakiTrougao\jednakokrakiTrougao.vcxproj", "{AD91CE75-53DB-4F58-9B18-FF1A51EE2F86}"
EndProject
Global
	GlobalSection(SolutionConfigurationPlatforms) = preSolution
		Debug|x64 = Debug|x64
		Debug|x86 = Debug|x86
		Release|x64 = Release|x64
		Release|x86 = Release|x86
	EndGlobalSection
	GlobalSection(ProjectConfigurationPlatforms) = postSolution
		{AD91CE75-53DB-4F58-9B18-FF1A51EE2F86}.Debug|x64.ActiveCfg = Debug|x64
		{AD91CE75-53DB-4F58-9B18-FF1A51EE2F86}.Debug|x64.Build.0 = Debug|x64
		{AD91CE75-53DB-4F58-9B18-FF1A51EE2F86}.Debug|x86.ActiveCfg = Debug|Win32
		{AD91CE75-53DB-4F58-9B18-FF1A51EE2F86}.Debug|x86.Build.0 = Debug|Win32
		{AD91CE75-53DB-4F58-9B18-FF1A51EE2F86}.Release|x64.ActiveCfg = Release|x64
		{AD91CE75-53DB-4F58-9B18-FF1A51EE2F86}.Release|x64.Build.0 = Release|x64
		{AD91CE75-53DB-4F58-9B18-FF1A51EE2F86}.Release|x86.ActiveCfg = Release|Win32
		{AD91CE75-53DB-4F58-9B18-FF1A51EE2F86}.Release|x86.Build.0 = Release|Win32
	EndGlobalSection
	GlobalSection(SolutionProperties) = preSolution
		HideSolutionNode = FALSE
	EndGlobalSection
	GlobalSection(ExtensibilityGlobals) = postSolution
		SolutionGuid = {7FAFACAB-DA32-423F-8F38-347A0ADAFCE6}
	EndGlobalSection
EndGlobal
